
Microsoft Visual Studio Solution File, Format Version 12.00
# Visual Studio Version 17
VisualStudioVersion = 17.14.36518.9 d17.14
MinimumVisualStudioVersion = 10.0.40219.1
Project("{FAE04EC0-301F-11D3-BF4B-00C04F79EFBC}") = "Servidor", "Servidor\Servidor.csproj", "{16E5D84F-4A32-4C46-BE63-2E2B2B37DE58}"
EndProject
Project("{FAE04EC0-301F-11D3-BF4B-00C04F79EFBC}") = "Cliente", "Cliente\Cliente.csproj", "{A863CD86-74F7-4F66-9E7F-DC9220F5372F}"
EndProject
Global
	GlobalSection(SolutionConfigurationPlatforms) = preSolution
		Debug|Any CPU = Debug|Any CPU
		Release|Any CPU = Release|Any CPU
	EndGlobalSection
	GlobalSection(ProjectConfigurationPlatforms) = postSolution
		{16E5D84F-4A32-4C46-BE63-2E2B2B37DE58}.Debug|Any CPU.ActiveCfg = Debug|Any CPU
		{16E5D84F-4A32-4C46-BE63-2E2B2B37DE58}.Debug|Any CPU.Build.0 = Debug|Any CPU
		{16E5D84F-4A32-4C46-BE63-2E2B2B37DE58}.Release|Any CPU.ActiveCfg = Release|Any CPU
		{16E5D84F-4A32-4C46-BE63-2E2B2B37DE58}.Release|Any CPU.Build.0 = Release|Any CPU
		{A863CD86-74F7-4F66-9E7F-DC9220F5372F}.Debug|Any CPU.ActiveCfg = Debug|Any CPU
		{A863CD86-74F7-4F66-9E7F-DC9220F5372F}.Debug|Any CPU.Build.0 = Debug|Any CPU
		{A863CD86-74F7-4F66-9E7F-DC9220F5372F}.Release|Any CPU.ActiveCfg = Release|Any CPU
		{A863CD86-74F7-4F66-9E7F-DC9220F5372F}.Release|Any CPU.Build.0 = Release|Any CPU
	EndGlobalSection
	GlobalSection(SolutionProperties) = preSolution
		HideSolutionNode = FALSE
	EndGlobalSection
	GlobalSection(ExtensibilityGlobals) = postSolution
		SolutionGuid = {61C9937E-8F28-488C-9E76-81B6D74FA18F}
	EndGlobalSection
EndGlobal
